
Microsoft Visual Studio Solution File, Format Version 12.00
# Visual Studio Version 16
VisualStudioVersion = 16.0.29613.14
MinimumVisualStudioVersion = 10.0.40219.1
Project("{F184B08F-C81C-45F6-A57F-5ABD9991F28F}") = "Circular Progress Bar", "Circular Progress Bar.vbproj", "{FC641172-1E8B-4898-AFED-D67FD6745A4F}"
EndProject
Global
	GlobalSection(SolutionConfigurationPlatforms) = preSolution
		Debug|Any CPU = Debug|Any CPU
		Release|Any CPU = Release|Any CPU
	EndGlobalSection
	GlobalSection(ProjectConfigurationPlatforms) = postSolution
		{FC641172-1E8B-4898-AFED-D67FD6745A4F}.Debug|Any CPU.ActiveCfg = Debug|Any CPU
		{FC641172-1E8B-4898-AFED-D67FD6745A4F}.Debug|Any CPU.Build.0 = Debug|Any CPU
		{FC641172-1E8B-4898-AFED-D67FD6745A4F}.Release|Any CPU.ActiveCfg = Release|Any CPU
		{FC641172-1E8B-4898-AFED-D67FD6745A4F}.Release|Any CPU.Build.0 = Release|Any CPU
	EndGlobalSection
	GlobalSection(SolutionProperties) = preSolution
		HideSolutionNode = FALSE
	EndGlobalSection
	GlobalSection(ExtensibilityGlobals) = postSolution
		SolutionGuid = {ABDBC303-7477-4C14-A358-9839AED12113}
	EndGlobalSection
EndGlobal
